
Microsoft Visual Studio Solution File, Format Version 12.00
Project("{FAE04EC0-301F-11D3-BF4B-00C04F79EFBC}") = "RaspiAir", "RaspiAir\RaspiAir.csproj", "{D07780A1-CEF7-44F0-9DF4-FA7DB6214C87}"
EndProject
Project("{FAE04EC0-301F-11D3-BF4B-00C04F79EFBC}") = "RaspiAir.Sensors", "RaspiAir.Sensors\RaspiAir.Sensors.csproj", "{7BA96F37-EEE1-4386-B9A7-E1D4C771EAC3}"
EndProject
Project("{FAE04EC0-301F-11D3-BF4B-00C04F79EFBC}") = "RaspiAir.Sensors.Scd41", "RaspiAir.Sensors.Scd41\RaspiAir.Sensors.Scd41.csproj", "{62A09028-C485-4BE9-BB46-5FF4DF95F94B}"
EndProject
Project("{FAE04EC0-301F-11D3-BF4B-00C04F79EFBC}") = "Common", "Common\Common.csproj", "{06BEAAC0-A99E-4B55-8E38-9606D0D543BE}"
EndProject
Project("{FAE04EC0-301F-11D3-BF4B-00C04F79EFBC}") = "RaspiAir.Measurement.Services", "RaspiAir.Measurement.Services\RaspiAir.Measurement.Services.csproj", "{190CD84D-1E53-45B7-83AD-E67A344F75BE}"
EndProject
Project("{2150E333-8FDC-42A3-9474-1A3956D46DE8}") = "Startup", "Startup", "{6EB693B3-63BF-489E-BE16-7CFE89389525}"
EndProject
Project("{2150E333-8FDC-42A3-9474-1A3956D46DE8}") = "Common", "Common", "{C2EECD41-91E2-4631-973D-1B2DBCBA28CD}"
EndProject
Project("{2150E333-8FDC-42A3-9474-1A3956D46DE8}") = "Features", "Features", "{D5C853FE-21CA-4F10-8BCA-1B07B77D60D3}"
EndProject
Project("{2150E333-8FDC-42A3-9474-1A3956D46DE8}") = "Measurement", "Measurement", "{990E3A12-2F7A-4ABF-AD92-612079A2BA40}"
EndProject
Project("{2150E333-8FDC-42A3-9474-1A3956D46DE8}") = "Reporting", "Reporting", "{69FC9C19-83F1-4F94-B36E-5C35FB445C7B}"
EndProject
Project("{2150E333-8FDC-42A3-9474-1A3956D46DE8}") = "Co2TrafficLight", "Co2TrafficLight", "{C7644EF8-7168-4FDF-B559-445A810442B8}"
EndProject
Project("{FAE04EC0-301F-11D3-BF4B-00C04F79EFBC}") = "RaspiAir.Co2TrafficLight", "RaspiAir.Co2TrafficLight\RaspiAir.Co2TrafficLight.csproj", "{A45B7382-FBE5-452D-A088-1E19A4A818C0}"
EndProject
Project("{FAE04EC0-301F-11D3-BF4B-00C04F79EFBC}") = "RaspiAir.Reporting.Services", "RaspiAir.Reporting.Services\RaspiAir.Reporting.Services.csproj", "{C14927B0-6B03-4D18-BEB6-46D310EAECD0}"
EndProject
Project("{FAE04EC0-301F-11D3-BF4B-00C04F79EFBC}") = "EventBroker", "EventBroker\EventBroker.csproj", "{7881B10F-3700-4849-916A-0940C52E7C2F}"
EndProject
Project("{2150E333-8FDC-42A3-9474-1A3956D46DE8}") = "LedStripe", "LedStripe", "{AF68C51F-6D82-41A4-9BE3-EAC92246DDF7}"
EndProject
Project("{FAE04EC0-301F-11D3-BF4B-00C04F79EFBC}") = "LedStripe.Device", "LedStripe.Device\LedStripe.Device.csproj", "{CA80F937-A056-4BA5-BCAB-5DC29CD7329D}"
EndProject
Project("{FAE04EC0-301F-11D3-BF4B-00C04F79EFBC}") = "LedStripe.Device.Demo", "LedStripe.Device.Demo\LedStripe.Device.Demo.csproj", "{8C2AE6EE-1F1A-464A-8095-C57952C9877D}"
EndProject
Project("{FAE04EC0-301F-11D3-BF4B-00C04F79EFBC}") = "LedStripe.Device.Ws2812B", "LedStripe.Device.Ws2812B\LedStripe.Device.Ws2812B.csproj", "{1924FFA6-2835-4502-AF4F-738EFAE848F9}"
EndProject
Project("{FAE04EC0-301F-11D3-BF4B-00C04F79EFBC}") = "RaspiAir.Measurement", "RaspiAir.Measurement\RaspiAir.Measurement.csproj", "{960615A7-37FA-492A-93B3-48E88B238F13}"
EndProject
Project("{2150E333-8FDC-42A3-9474-1A3956D46DE8}") = "DocumentStorage", "DocumentStorage", "{6C22F1B3-D6D5-470C-8213-409BCE8A2C26}"
EndProject
Project("{FAE04EC0-301F-11D3-BF4B-00C04F79EFBC}") = "DocumentStorage", "DocumentStorage\DocumentStorage.csproj", "{1C977781-54CF-4179-80F0-6F77DDB237D0}"
EndProject
Project("{FAE04EC0-301F-11D3-BF4B-00C04F79EFBC}") = "DocumentStorage.FileBased", "DocumentStorage.FileBased\DocumentStorage.FileBased.csproj", "{FD00F623-698A-4FD9-B24D-2783D4695B6F}"
EndProject
Project("{FAE04EC0-301F-11D3-BF4B-00C04F79EFBC}") = "RaspiAir.Reporting", "RaspiAir.Reporting\RaspiAir.Reporting.csproj", "{9ADF32D5-BE08-42EE-847A-0886D3A15C2D}"
EndProject
Project("{2150E333-8FDC-42A3-9474-1A3956D46DE8}") = "Interfaces", "Interfaces", "{0743ED10-C1C4-4792-BB06-7CFFB2E00F47}"
EndProject
Project("{FAE04EC0-301F-11D3-BF4B-00C04F79EFBC}") = "RaspiAir.Web.UI", "RaspiAir.Web.UI\RaspiAir.Web.UI.csproj", "{D6CA02F4-AD42-429F-B79A-57CF2B04603D}"
EndProject
Project("{FAE04EC0-301F-11D3-BF4B-00C04F79EFBC}") = "RaspiAir.Web.Api", "RaspiAir.Web.Api\RaspiAir.Web.Api.csproj", "{6ABF6FC1-0712-42F1-9104-ADCC5728008A}"
EndProject
Project("{FAE04EC0-301F-11D3-BF4B-00C04F79EFBC}") = "RaspiAir.Sensors.Demo", "RaspiAir.Sensors.Demo\RaspiAir.Sensors.Demo.csproj", "{3DCD07BD-2777-4C7A-9E42-E8A3667321F9}"
EndProject
Project("{FAE04EC0-301F-11D3-BF4B-00C04F79EFBC}") = "RaspiAir.Web.Shared", "RaspiAir.Web.Shared\RaspiAir.Web.Shared.csproj", "{75BE5534-D2B4-4E4C-B3AD-93F73096CD01}"
EndProject
Project("{2150E333-8FDC-42A3-9474-1A3956D46DE8}") = "DeviceAbstraction", "DeviceAbstraction", "{394A5666-D6C0-46D3-88D2-CF85FE7763E6}"
EndProject
Project("{FAE04EC0-301F-11D3-BF4B-00C04F79EFBC}") = "LedStripe.Control", "LedStripe.Control\LedStripe.Control.csproj", "{B4C2F15D-B7F4-4294-A5A9-C9547E394962}"
EndProject
Project("{FAE04EC0-301F-11D3-BF4B-00C04F79EFBC}") = "LedStripe.Control.Services", "LedStripe.Control.Services\LedStripe.Control.Services.csproj", "{C30FE2BC-B399-4430-89F2-3CB3C067EAA6}"
EndProject
Global
	GlobalSection(SolutionConfigurationPlatforms) = preSolution
		Debug|Any CPU = Debug|Any CPU
		Release|Any CPU = Release|Any CPU
	EndGlobalSection
	GlobalSection(ProjectConfigurationPlatforms) = postSolution
		{D07780A1-CEF7-44F0-9DF4-FA7DB6214C87}.Debug|Any CPU.ActiveCfg = Debug|Any CPU
		{D07780A1-CEF7-44F0-9DF4-FA7DB6214C87}.Debug|Any CPU.Build.0 = Debug|Any CPU
		{D07780A1-CEF7-44F0-9DF4-FA7DB6214C87}.Release|Any CPU.ActiveCfg = Release|Any CPU
		{D07780A1-CEF7-44F0-9DF4-FA7DB6214C87}.Release|Any CPU.Build.0 = Release|Any CPU
		{7BA96F37-EEE1-4386-B9A7-E1D4C771EAC3}.Debug|Any CPU.ActiveCfg = Debug|Any CPU
		{7BA96F37-EEE1-4386-B9A7-E1D4C771EAC3}.Debug|Any CPU.Build.0 = Debug|Any CPU
		{7BA96F37-EEE1-4386-B9A7-E1D4C771EAC3}.Release|Any CPU.ActiveCfg = Release|Any CPU
		{7BA96F37-EEE1-4386-B9A7-E1D4C771EAC3}.Release|Any CPU.Build.0 = Release|Any CPU
		{62A09028-C485-4BE9-BB46-5FF4DF95F94B}.Debug|Any CPU.ActiveCfg = Debug|Any CPU
		{62A09028-C485-4BE9-BB46-5FF4DF95F94B}.Debug|Any CPU.Build.0 = Debug|Any CPU
		{62A09028-C485-4BE9-BB46-5FF4DF95F94B}.Release|Any CPU.ActiveCfg = Release|Any CPU
		{62A09028-C485-4BE9-BB46-5FF4DF95F94B}.Release|Any CPU.Build.0 = Release|Any CPU
		{06BEAAC0-A99E-4B55-8E38-9606D0D543BE}.Debug|Any CPU.ActiveCfg = Debug|Any CPU
		{06BEAAC0-A99E-4B55-8E38-9606D0D543BE}.Debug|Any CPU.Build.0 = Debug|Any CPU
		{06BEAAC0-A99E-4B55-8E38-9606D0D543BE}.Release|Any CPU.ActiveCfg = Release|Any CPU
		{06BEAAC0-A99E-4B55-8E38-9606D0D543BE}.Release|Any CPU.Build.0 = Release|Any CPU
		{190CD84D-1E53-45B7-83AD-E67A344F75BE}.Debug|Any CPU.ActiveCfg = Debug|Any CPU
		{190CD84D-1E53-45B7-83AD-E67A344F75BE}.Debug|Any CPU.Build.0 = Debug|Any CPU
		{190CD84D-1E53-45B7-83AD-E67A344F75BE}.Release|Any CPU.ActiveCfg = Release|Any CPU
		{190CD84D-1E53-45B7-83AD-E67A344F75BE}.Release|Any CPU.Build.0 = Release|Any CPU
		{A45B7382-FBE5-452D-A088-1E19A4A818C0}.Debug|Any CPU.ActiveCfg = Debug|Any CPU
		{A45B7382-FBE5-452D-A088-1E19A4A818C0}.Debug|Any CPU.Build.0 = Debug|Any CPU
		{A45B7382-FBE5-452D-A088-1E19A4A818C0}.Release|Any CPU.ActiveCfg = Release|Any CPU
		{A45B7382-FBE5-452D-A088-1E19A4A818C0}.Release|Any CPU.Build.0 = Release|Any CPU
		{C14927B0-6B03-4D18-BEB6-46D310EAECD0}.Debug|Any CPU.ActiveCfg = Debug|Any CPU
		{C14927B0-6B03-4D18-BEB6-46D310EAECD0}.Debug|Any CPU.Build.0 = Debug|Any CPU
		{C14927B0-6B03-4D18-BEB6-46D310EAECD0}.Release|Any CPU.ActiveCfg = Release|Any CPU
		{C14927B0-6B03-4D18-BEB6-46D310EAECD0}.Release|Any CPU.Build.0 = Release|Any CPU
		{7881B10F-3700-4849-916A-0940C52E7C2F}.Debug|Any CPU.ActiveCfg = Debug|Any CPU
		{7881B10F-3700-4849-916A-0940C52E7C2F}.Debug|Any CPU.Build.0 = Debug|Any CPU
		{7881B10F-3700-4849-916A-0940C52E7C2F}.Release|Any CPU.ActiveCfg = Release|Any CPU
		{7881B10F-3700-4849-916A-0940C52E7C2F}.Release|Any CPU.Build.0 = Release|Any CPU
		{CA80F937-A056-4BA5-BCAB-5DC29CD7329D}.Debug|Any CPU.ActiveCfg = Debug|Any CPU
		{CA80F937-A056-4BA5-BCAB-5DC29CD7329D}.Debug|Any CPU.Build.0 = Debug|Any CPU
		{CA80F937-A056-4BA5-BCAB-5DC29CD7329D}.Release|Any CPU.ActiveCfg = Release|Any CPU
		{CA80F937-A056-4BA5-BCAB-5DC29CD7329D}.Release|Any CPU.Build.0 = Release|Any CPU
		{8C2AE6EE-1F1A-464A-8095-C57952C9877D}.Debug|Any CPU.ActiveCfg = Debug|Any CPU
		{8C2AE6EE-1F1A-464A-8095-C57952C9877D}.Debug|Any CPU.Build.0 = Debug|Any CPU
		{8C2AE6EE-1F1A-464A-8095-C57952C9877D}.Release|Any CPU.ActiveCfg = Release|Any CPU
		{8C2AE6EE-1F1A-464A-8095-C57952C9877D}.Release|Any CPU.Build.0 = Release|Any CPU
		{1924FFA6-2835-4502-AF4F-738EFAE848F9}.Debug|Any CPU.ActiveCfg = Debug|Any CPU
		{1924FFA6-2835-4502-AF4F-738EFAE848F9}.Debug|Any CPU.Build.0 = Debug|Any CPU
		{1924FFA6-2835-4502-AF4F-738EFAE848F9}.Release|Any CPU.ActiveCfg = Release|Any CPU
		{1924FFA6-2835-4502-AF4F-738EFAE848F9}.Release|Any CPU.Build.0 = Release|Any CPU
		{960615A7-37FA-492A-93B3-48E88B238F13}.Debug|Any CPU.ActiveCfg = Debug|Any CPU
		{960615A7-37FA-492A-93B3-48E88B238F13}.Debug|Any CPU.Build.0 = Debug|Any CPU
		{960615A7-37FA-492A-93B3-48E88B238F13}.Release|Any CPU.ActiveCfg = Release|Any CPU
		{960615A7-37FA-492A-93B3-48E88B238F13}.Release|Any CPU.Build.0 = Release|Any CPU
		{1C977781-54CF-4179-80F0-6F77DDB237D0}.Debug|Any CPU.ActiveCfg = Debug|Any CPU
		{1C977781-54CF-4179-80F0-6F77DDB237D0}.Debug|Any CPU.Build.0 = Debug|Any CPU
		{1C977781-54CF-4179-80F0-6F77DDB237D0}.Release|Any CPU.ActiveCfg = Release|Any CPU
		{1C977781-54CF-4179-80F0-6F77DDB237D0}.Release|Any CPU.Build.0 = Release|Any CPU
		{FD00F623-698A-4FD9-B24D-2783D4695B6F}.Debug|Any CPU.ActiveCfg = Debug|Any CPU
		{FD00F623-698A-4FD9-B24D-2783D4695B6F}.Debug|Any CPU.Build.0 = Debug|Any CPU
		{FD00F623-698A-4FD9-B24D-2783D4695B6F}.Release|Any CPU.ActiveCfg = Release|Any CPU
		{FD00F623-698A-4FD9-B24D-2783D4695B6F}.Release|Any CPU.Build.0 = Release|Any CPU
		{9ADF32D5-BE08-42EE-847A-0886D3A15C2D}.Debug|Any CPU.ActiveCfg = Debug|Any CPU
		{9ADF32D5-BE08-42EE-847A-0886D3A15C2D}.Debug|Any CPU.Build.0 = Debug|Any CPU
		{9ADF32D5-BE08-42EE-847A-0886D3A15C2D}.Release|Any CPU.ActiveCfg = Release|Any CPU
		{9ADF32D5-BE08-42EE-847A-0886D3A15C2D}.Release|Any CPU.Build.0 = Release|Any CPU
		{D6CA02F4-AD42-429F-B79A-57CF2B04603D}.Debug|Any CPU.ActiveCfg = Debug|Any CPU
		{D6CA02F4-AD42-429F-B79A-57CF2B04603D}.Debug|Any CPU.Build.0 = Debug|Any CPU
		{D6CA02F4-AD42-429F-B79A-57CF2B04603D}.Release|Any CPU.ActiveCfg = Release|Any CPU
		{D6CA02F4-AD42-429F-B79A-57CF2B04603D}.Release|Any CPU.Build.0 = Release|Any CPU
		{6ABF6FC1-0712-42F1-9104-ADCC5728008A}.Debug|Any CPU.ActiveCfg = Debug|Any CPU
		{6ABF6FC1-0712-42F1-9104-ADCC5728008A}.Debug|Any CPU.Build.0 = Debug|Any CPU
		{6ABF6FC1-0712-42F1-9104-ADCC5728008A}.Release|Any CPU.ActiveCfg = Release|Any CPU
		{6ABF6FC1-0712-42F1-9104-ADCC5728008A}.Release|Any CPU.Build.0 = Release|Any CPU
		{3DCD07BD-2777-4C7A-9E42-E8A3667321F9}.Debug|Any CPU.ActiveCfg = Debug|Any CPU
		{3DCD07BD-2777-4C7A-9E42-E8A3667321F9}.Debug|Any CPU.Build.0 = Debug|Any CPU
		{3DCD07BD-2777-4C7A-9E42-E8A3667321F9}.Release|Any CPU.ActiveCfg = Release|Any CPU
		{3DCD07BD-2777-4C7A-9E42-E8A3667321F9}.Release|Any CPU.Build.0 = Release|Any CPU
		{75BE5534-D2B4-4E4C-B3AD-93F73096CD01}.Debug|Any CPU.ActiveCfg = Debug|Any CPU
		{75BE5534-D2B4-4E4C-B3AD-93F73096CD01}.Debug|Any CPU.Build.0 = Debug|Any CPU
		{75BE5534-D2B4-4E4C-B3AD-93F73096CD01}.Release|Any CPU.ActiveCfg = Release|Any CPU
		{75BE5534-D2B4-4E4C-B3AD-93F73096CD01}.Release|Any CPU.Build.0 = Release|Any CPU
		{B4C2F15D-B7F4-4294-A5A9-C9547E394962}.Debug|Any CPU.ActiveCfg = Debug|Any CPU
		{B4C2F15D-B7F4-4294-A5A9-C9547E394962}.Debug|Any CPU.Build.0 = Debug|Any CPU
		{B4C2F15D-B7F4-4294-A5A9-C9547E394962}.Release|Any CPU.ActiveCfg = Release|Any CPU
		{B4C2F15D-B7F4-4294-A5A9-C9547E394962}.Release|Any CPU.Build.0 = Release|Any CPU
		{C30FE2BC-B399-4430-89F2-3CB3C067EAA6}.Debug|Any CPU.ActiveCfg = Debug|Any CPU
		{C30FE2BC-B399-4430-89F2-3CB3C067EAA6}.Debug|Any CPU.Build.0 = Debug|Any CPU
		{C30FE2BC-B399-4430-89F2-3CB3C067EAA6}.Release|Any CPU.ActiveCfg = Release|Any CPU
		{C30FE2BC-B399-4430-89F2-3CB3C067EAA6}.Release|Any CPU.Build.0 = Release|Any CPU
	EndGlobalSection
	GlobalSection(NestedProjects) = preSolution
		{D07780A1-CEF7-44F0-9DF4-FA7DB6214C87} = {6EB693B3-63BF-489E-BE16-7CFE89389525}
		{06BEAAC0-A99E-4B55-8E38-9606D0D543BE} = {C2EECD41-91E2-4631-973D-1B2DBCBA28CD}
		{990E3A12-2F7A-4ABF-AD92-612079A2BA40} = {D5C853FE-21CA-4F10-8BCA-1B07B77D60D3}
		{7BA96F37-EEE1-4386-B9A7-E1D4C771EAC3} = {990E3A12-2F7A-4ABF-AD92-612079A2BA40}
		{62A09028-C485-4BE9-BB46-5FF4DF95F94B} = {990E3A12-2F7A-4ABF-AD92-612079A2BA40}
		{69FC9C19-83F1-4F94-B36E-5C35FB445C7B} = {D5C853FE-21CA-4F10-8BCA-1B07B77D60D3}
		{C7644EF8-7168-4FDF-B559-445A810442B8} = {D5C853FE-21CA-4F10-8BCA-1B07B77D60D3}
		{A45B7382-FBE5-452D-A088-1E19A4A818C0} = {C7644EF8-7168-4FDF-B559-445A810442B8}
		{C14927B0-6B03-4D18-BEB6-46D310EAECD0} = {69FC9C19-83F1-4F94-B36E-5C35FB445C7B}
		{7881B10F-3700-4849-916A-0940C52E7C2F} = {C2EECD41-91E2-4631-973D-1B2DBCBA28CD}
		{AF68C51F-6D82-41A4-9BE3-EAC92246DDF7} = {C2EECD41-91E2-4631-973D-1B2DBCBA28CD}
		{190CD84D-1E53-45B7-83AD-E67A344F75BE} = {990E3A12-2F7A-4ABF-AD92-612079A2BA40}
		{960615A7-37FA-492A-93B3-48E88B238F13} = {990E3A12-2F7A-4ABF-AD92-612079A2BA40}
		{6C22F1B3-D6D5-470C-8213-409BCE8A2C26} = {C2EECD41-91E2-4631-973D-1B2DBCBA28CD}
		{1C977781-54CF-4179-80F0-6F77DDB237D0} = {6C22F1B3-D6D5-470C-8213-409BCE8A2C26}
		{FD00F623-698A-4FD9-B24D-2783D4695B6F} = {6C22F1B3-D6D5-470C-8213-409BCE8A2C26}
		{9ADF32D5-BE08-42EE-847A-0886D3A15C2D} = {69FC9C19-83F1-4F94-B36E-5C35FB445C7B}
		{D6CA02F4-AD42-429F-B79A-57CF2B04603D} = {0743ED10-C1C4-4792-BB06-7CFFB2E00F47}
		{6ABF6FC1-0712-42F1-9104-ADCC5728008A} = {0743ED10-C1C4-4792-BB06-7CFFB2E00F47}
		{3DCD07BD-2777-4C7A-9E42-E8A3667321F9} = {990E3A12-2F7A-4ABF-AD92-612079A2BA40}
		{75BE5534-D2B4-4E4C-B3AD-93F73096CD01} = {0743ED10-C1C4-4792-BB06-7CFFB2E00F47}
		{394A5666-D6C0-46D3-88D2-CF85FE7763E6} = {AF68C51F-6D82-41A4-9BE3-EAC92246DDF7}
		{CA80F937-A056-4BA5-BCAB-5DC29CD7329D} = {394A5666-D6C0-46D3-88D2-CF85FE7763E6}
		{8C2AE6EE-1F1A-464A-8095-C57952C9877D} = {394A5666-D6C0-46D3-88D2-CF85FE7763E6}
		{1924FFA6-2835-4502-AF4F-738EFAE848F9} = {394A5666-D6C0-46D3-88D2-CF85FE7763E6}
		{B4C2F15D-B7F4-4294-A5A9-C9547E394962} = {AF68C51F-6D82-41A4-9BE3-EAC92246DDF7}
		{C30FE2BC-B399-4430-89F2-3CB3C067EAA6} = {AF68C51F-6D82-41A4-9BE3-EAC92246DDF7}
	EndGlobalSection
EndGlobal
