
Microsoft Visual Studio Solution File, Format Version 12.00
Project("{FAE04EC0-301F-11D3-BF4B-00C04F79EFBC}") = "RaspiAir", "RaspiAir\RaspiAir.csproj", "{D07780A1-CEF7-44F0-9DF4-FA7DB6214C87}"
EndProject
Project("{FAE04EC0-301F-11D3-BF4B-00C04F79EFBC}") = "RaspiAir.Measurement", "RaspiAir.Measurement\RaspiAir.Measurement.csproj", "{7BA96F37-EEE1-4386-B9A7-E1D4C771EAC3}"
EndProject
Project("{FAE04EC0-301F-11D3-BF4B-00C04F79EFBC}") = "RaspiAir.Measurement.SCD41", "RaspiAir.Measurement.SCD41\RaspiAir.Measurement.SCD41.csproj", "{62A09028-C485-4BE9-BB46-5FF4DF95F94B}"
EndProject
Project("{FAE04EC0-301F-11D3-BF4B-00C04F79EFBC}") = "RaspiAir.Common", "RaspiAir.Common\RaspiAir.Common.csproj", "{06BEAAC0-A99E-4B55-8E38-9606D0D543BE}"
EndProject
Project("{FAE04EC0-301F-11D3-BF4B-00C04F79EFBC}") = "RaspiAir.Application", "RaspiAir.Application\RaspiAir.Application.csproj", "{190CD84D-1E53-45B7-83AD-E67A344F75BE}"
EndProject
Project("{2150E333-8FDC-42A3-9474-1A3956D46DE8}") = "Startup", "Startup", "{6EB693B3-63BF-489E-BE16-7CFE89389525}"
EndProject
Project("{2150E333-8FDC-42A3-9474-1A3956D46DE8}") = "Common", "Common", "{C2EECD41-91E2-4631-973D-1B2DBCBA28CD}"
EndProject
Project("{2150E333-8FDC-42A3-9474-1A3956D46DE8}") = "Features", "Features", "{D5C853FE-21CA-4F10-8BCA-1B07B77D60D3}"
EndProject
Project("{2150E333-8FDC-42A3-9474-1A3956D46DE8}") = "Measurement", "Measurement", "{990E3A12-2F7A-4ABF-AD92-612079A2BA40}"
EndProject
Project("{2150E333-8FDC-42A3-9474-1A3956D46DE8}") = "Application", "Application", "{F06AAAC9-1DC1-4212-B8F1-AA46FBAC9AFF}"
EndProject
Global
	GlobalSection(SolutionConfigurationPlatforms) = preSolution
		Debug|Any CPU = Debug|Any CPU
		Release|Any CPU = Release|Any CPU
	EndGlobalSection
	GlobalSection(ProjectConfigurationPlatforms) = postSolution
		{D07780A1-CEF7-44F0-9DF4-FA7DB6214C87}.Debug|Any CPU.ActiveCfg = Debug|Any CPU
		{D07780A1-CEF7-44F0-9DF4-FA7DB6214C87}.Debug|Any CPU.Build.0 = Debug|Any CPU
		{D07780A1-CEF7-44F0-9DF4-FA7DB6214C87}.Release|Any CPU.ActiveCfg = Release|Any CPU
		{D07780A1-CEF7-44F0-9DF4-FA7DB6214C87}.Release|Any CPU.Build.0 = Release|Any CPU
		{7BA96F37-EEE1-4386-B9A7-E1D4C771EAC3}.Debug|Any CPU.ActiveCfg = Debug|Any CPU
		{7BA96F37-EEE1-4386-B9A7-E1D4C771EAC3}.Debug|Any CPU.Build.0 = Debug|Any CPU
		{7BA96F37-EEE1-4386-B9A7-E1D4C771EAC3}.Release|Any CPU.ActiveCfg = Release|Any CPU
		{7BA96F37-EEE1-4386-B9A7-E1D4C771EAC3}.Release|Any CPU.Build.0 = Release|Any CPU
		{62A09028-C485-4BE9-BB46-5FF4DF95F94B}.Debug|Any CPU.ActiveCfg = Debug|Any CPU
		{62A09028-C485-4BE9-BB46-5FF4DF95F94B}.Debug|Any CPU.Build.0 = Debug|Any CPU
		{62A09028-C485-4BE9-BB46-5FF4DF95F94B}.Release|Any CPU.ActiveCfg = Release|Any CPU
		{62A09028-C485-4BE9-BB46-5FF4DF95F94B}.Release|Any CPU.Build.0 = Release|Any CPU
		{06BEAAC0-A99E-4B55-8E38-9606D0D543BE}.Debug|Any CPU.ActiveCfg = Debug|Any CPU
		{06BEAAC0-A99E-4B55-8E38-9606D0D543BE}.Debug|Any CPU.Build.0 = Debug|Any CPU
		{06BEAAC0-A99E-4B55-8E38-9606D0D543BE}.Release|Any CPU.ActiveCfg = Release|Any CPU
		{06BEAAC0-A99E-4B55-8E38-9606D0D543BE}.Release|Any CPU.Build.0 = Release|Any CPU
		{190CD84D-1E53-45B7-83AD-E67A344F75BE}.Debug|Any CPU.ActiveCfg = Debug|Any CPU
		{190CD84D-1E53-45B7-83AD-E67A344F75BE}.Debug|Any CPU.Build.0 = Debug|Any CPU
		{190CD84D-1E53-45B7-83AD-E67A344F75BE}.Release|Any CPU.ActiveCfg = Release|Any CPU
		{190CD84D-1E53-45B7-83AD-E67A344F75BE}.Release|Any CPU.Build.0 = Release|Any CPU
	EndGlobalSection
	GlobalSection(NestedProjects) = preSolution
		{D07780A1-CEF7-44F0-9DF4-FA7DB6214C87} = {6EB693B3-63BF-489E-BE16-7CFE89389525}
		{06BEAAC0-A99E-4B55-8E38-9606D0D543BE} = {C2EECD41-91E2-4631-973D-1B2DBCBA28CD}
		{990E3A12-2F7A-4ABF-AD92-612079A2BA40} = {D5C853FE-21CA-4F10-8BCA-1B07B77D60D3}
		{7BA96F37-EEE1-4386-B9A7-E1D4C771EAC3} = {990E3A12-2F7A-4ABF-AD92-612079A2BA40}
		{62A09028-C485-4BE9-BB46-5FF4DF95F94B} = {990E3A12-2F7A-4ABF-AD92-612079A2BA40}
		{F06AAAC9-1DC1-4212-B8F1-AA46FBAC9AFF} = {D5C853FE-21CA-4F10-8BCA-1B07B77D60D3}
		{190CD84D-1E53-45B7-83AD-E67A344F75BE} = {F06AAAC9-1DC1-4212-B8F1-AA46FBAC9AFF}
	EndGlobalSection
EndGlobal
